
Microsoft Visual Studio Solution File, Format Version 12.00
# Visual Studio Version 17
VisualStudioVersion = 17.8.34330.188
MinimumVisualStudioVersion = 10.0.40219.1
Project("{FAE04EC0-301F-11D3-BF4B-00C04F79EFBC}") = "Routemaker Scouting.Android", "Routemaker Scouting.Android\Routemaker Scouting.Android.csproj", "{597BDCBB-F384-4BD3-9B71-950CC79CC470}"
EndProject
Project("{FAE04EC0-301F-11D3-BF4B-00C04F79EFBC}") = "Routemaker Scouting.iOS", "Routemaker Scouting.iOS\Routemaker Scouting.iOS.csproj", "{FEDDCDAE-D0EC-43AE-BA5C-977DBCF41282}"
EndProject
Project("{FAE04EC0-301F-11D3-BF4B-00C04F79EFBC}") = "Routemaker Scouting", "Routemaker Scouting\Routemaker Scouting.csproj", "{9CD7E4C8-0ACF-4218-9900-C2F02519084F}"
EndProject
Global
	GlobalSection(SolutionConfigurationPlatforms) = preSolution
		Debug|Any CPU = Debug|Any CPU
		Debug|iPhone = Debug|iPhone
		Debug|iPhoneSimulator = Debug|iPhoneSimulator
		Release|Any CPU = Release|Any CPU
		Release|iPhone = Release|iPhone
		Release|iPhoneSimulator = Release|iPhoneSimulator
	EndGlobalSection
	GlobalSection(ProjectConfigurationPlatforms) = postSolution
		{597BDCBB-F384-4BD3-9B71-950CC79CC470}.Debug|Any CPU.ActiveCfg = Debug|Any CPU
		{597BDCBB-F384-4BD3-9B71-950CC79CC470}.Debug|Any CPU.Build.0 = Debug|Any CPU
		{597BDCBB-F384-4BD3-9B71-950CC79CC470}.Debug|Any CPU.Deploy.0 = Debug|Any CPU
		{597BDCBB-F384-4BD3-9B71-950CC79CC470}.Debug|iPhone.ActiveCfg = Debug|Any CPU
		{597BDCBB-F384-4BD3-9B71-950CC79CC470}.Debug|iPhone.Build.0 = Debug|Any CPU
		{597BDCBB-F384-4BD3-9B71-950CC79CC470}.Debug|iPhone.Deploy.0 = Debug|Any CPU
		{597BDCBB-F384-4BD3-9B71-950CC79CC470}.Debug|iPhoneSimulator.ActiveCfg = Debug|Any CPU
		{597BDCBB-F384-4BD3-9B71-950CC79CC470}.Debug|iPhoneSimulator.Build.0 = Debug|Any CPU
		{597BDCBB-F384-4BD3-9B71-950CC79CC470}.Debug|iPhoneSimulator.Deploy.0 = Debug|Any CPU
		{597BDCBB-F384-4BD3-9B71-950CC79CC470}.Release|Any CPU.ActiveCfg = Release|Any CPU
		{597BDCBB-F384-4BD3-9B71-950CC79CC470}.Release|Any CPU.Build.0 = Release|Any CPU
		{597BDCBB-F384-4BD3-9B71-950CC79CC470}.Release|Any CPU.Deploy.0 = Release|Any CPU
		{597BDCBB-F384-4BD3-9B71-950CC79CC470}.Release|iPhone.ActiveCfg = Release|Any CPU
		{597BDCBB-F384-4BD3-9B71-950CC79CC470}.Release|iPhone.Build.0 = Release|Any CPU
		{597BDCBB-F384-4BD3-9B71-950CC79CC470}.Release|iPhone.Deploy.0 = Release|Any CPU
		{597BDCBB-F384-4BD3-9B71-950CC79CC470}.Release|iPhoneSimulator.ActiveCfg = Release|Any CPU
		{597BDCBB-F384-4BD3-9B71-950CC79CC470}.Release|iPhoneSimulator.Build.0 = Release|Any CPU
		{597BDCBB-F384-4BD3-9B71-950CC79CC470}.Release|iPhoneSimulator.Deploy.0 = Release|Any CPU
		{FEDDCDAE-D0EC-43AE-BA5C-977DBCF41282}.Debug|Any CPU.ActiveCfg = Debug|iPhone
		{FEDDCDAE-D0EC-43AE-BA5C-977DBCF41282}.Debug|Any CPU.Build.0 = Debug|iPhone
		{FEDDCDAE-D0EC-43AE-BA5C-977DBCF41282}.Debug|Any CPU.Deploy.0 = Debug|iPhone
		{FEDDCDAE-D0EC-43AE-BA5C-977DBCF41282}.Debug|iPhone.ActiveCfg = Debug|iPhone
		{FEDDCDAE-D0EC-43AE-BA5C-977DBCF41282}.Debug|iPhone.Build.0 = Debug|iPhone
		{FEDDCDAE-D0EC-43AE-BA5C-977DBCF41282}.Debug|iPhone.Deploy.0 = Debug|iPhone
		{FEDDCDAE-D0EC-43AE-BA5C-977DBCF41282}.Debug|iPhoneSimulator.ActiveCfg = Debug|iPhoneSimulator
		{FEDDCDAE-D0EC-43AE-BA5C-977DBCF41282}.Debug|iPhoneSimulator.Build.0 = Debug|iPhoneSimulator
		{FEDDCDAE-D0EC-43AE-BA5C-977DBCF41282}.Debug|iPhoneSimulator.Deploy.0 = Debug|iPhoneSimulator
		{FEDDCDAE-D0EC-43AE-BA5C-977DBCF41282}.Release|Any CPU.ActiveCfg = Release|iPhoneSimulator
		{FEDDCDAE-D0EC-43AE-BA5C-977DBCF41282}.Release|Any CPU.Build.0 = Release|iPhoneSimulator
		{FEDDCDAE-D0EC-43AE-BA5C-977DBCF41282}.Release|Any CPU.Deploy.0 = Release|iPhoneSimulator
		{FEDDCDAE-D0EC-43AE-BA5C-977DBCF41282}.Release|iPhone.ActiveCfg = Release|iPhone
		{FEDDCDAE-D0EC-43AE-BA5C-977DBCF41282}.Release|iPhone.Build.0 = Release|iPhone
		{FEDDCDAE-D0EC-43AE-BA5C-977DBCF41282}.Release|iPhone.Deploy.0 = Release|iPhone
		{FEDDCDAE-D0EC-43AE-BA5C-977DBCF41282}.Release|iPhoneSimulator.ActiveCfg = Release|iPhoneSimulator
		{FEDDCDAE-D0EC-43AE-BA5C-977DBCF41282}.Release|iPhoneSimulator.Build.0 = Release|iPhoneSimulator
		{FEDDCDAE-D0EC-43AE-BA5C-977DBCF41282}.Release|iPhoneSimulator.Deploy.0 = Release|iPhoneSimulator
		{9CD7E4C8-0ACF-4218-9900-C2F02519084F}.Debug|Any CPU.ActiveCfg = Debug|Any CPU
		{9CD7E4C8-0ACF-4218-9900-C2F02519084F}.Debug|Any CPU.Build.0 = Debug|Any CPU
		{9CD7E4C8-0ACF-4218-9900-C2F02519084F}.Debug|Any CPU.Deploy.0 = Debug|Any CPU
		{9CD7E4C8-0ACF-4218-9900-C2F02519084F}.Debug|iPhone.ActiveCfg = Debug|Any CPU
		{9CD7E4C8-0ACF-4218-9900-C2F02519084F}.Debug|iPhone.Build.0 = Debug|Any CPU
		{9CD7E4C8-0ACF-4218-9900-C2F02519084F}.Debug|iPhone.Deploy.0 = Debug|Any CPU
		{9CD7E4C8-0ACF-4218-9900-C2F02519084F}.Debug|iPhoneSimulator.ActiveCfg = Debug|Any CPU
		{9CD7E4C8-0ACF-4218-9900-C2F02519084F}.Debug|iPhoneSimulator.Build.0 = Debug|Any CPU
		{9CD7E4C8-0ACF-4218-9900-C2F02519084F}.Debug|iPhoneSimulator.Deploy.0 = Debug|Any CPU
		{9CD7E4C8-0ACF-4218-9900-C2F02519084F}.Release|Any CPU.ActiveCfg = Release|Any CPU
		{9CD7E4C8-0ACF-4218-9900-C2F02519084F}.Release|Any CPU.Build.0 = Release|Any CPU
		{9CD7E4C8-0ACF-4218-9900-C2F02519084F}.Release|Any CPU.Deploy.0 = Release|Any CPU
		{9CD7E4C8-0ACF-4218-9900-C2F02519084F}.Release|iPhone.ActiveCfg = Release|Any CPU
		{9CD7E4C8-0ACF-4218-9900-C2F02519084F}.Release|iPhone.Build.0 = Release|Any CPU
		{9CD7E4C8-0ACF-4218-9900-C2F02519084F}.Release|iPhone.Deploy.0 = Release|Any CPU
		{9CD7E4C8-0ACF-4218-9900-C2F02519084F}.Release|iPhoneSimulator.ActiveCfg = Release|Any CPU
		{9CD7E4C8-0ACF-4218-9900-C2F02519084F}.Release|iPhoneSimulator.Build.0 = Release|Any CPU
		{9CD7E4C8-0ACF-4218-9900-C2F02519084F}.Release|iPhoneSimulator.Deploy.0 = Release|Any CPU
	EndGlobalSection
	GlobalSection(SolutionProperties) = preSolution
		HideSolutionNode = FALSE
	EndGlobalSection
	GlobalSection(ExtensibilityGlobals) = postSolution
		SolutionGuid = {D6AE0859-AFD2-4448-B894-16CF103121CB}
	EndGlobalSection
EndGlobal
